// !$*UTF8*$!
{
	archiveVersion = 1;
	classes = {
	};
	objectVersion = 50;
	objects = {

/* Begin PBXBuildFile section */
		4A5638E980BA4EE4FED8CAA7 /* Pods_FinalProjectTests.framework in Frameworks */ = {isa = PBXBuildFile; fileRef = F9F5349514CE7C49AFCEEACF /* Pods_FinalProjectTests.framework */; };
		5A57AD6D7C01CF9CB08A3E24 /* Pods_FinalProjectUITests.framework in Frameworks */ = {isa = PBXBuildFile; fileRef = 54C8E231F29130996F259000 /* Pods_FinalProjectUITests.framework */; };
		5FEA9A9B1BC90BD4336C61E1 /* Pods_FinalProject.framework in Frameworks */ = {isa = PBXBuildFile; fileRef = 3ADB4E82C25E0224D69379BE /* Pods_FinalProject.framework */; };
		A3A11560225E8ED20082BC39 /* CustomExtensions.swift in Sources */ = {isa = PBXBuildFile; fileRef = A3A1155F225E8ED20082BC39 /* CustomExtensions.swift */; };
		A3A11562225F9C800082BC39 /* Plane.swift in Sources */ = {isa = PBXBuildFile; fileRef = A3A11561225F9C800082BC39 /* Plane.swift */; };
		A3A11564225F9C890082BC39 /* GridMaterial.swift in Sources */ = {isa = PBXBuildFile; fileRef = A3A11563225F9C890082BC39 /* GridMaterial.swift */; };
		A3A11566225F9C910082BC39 /* ARSceneManager.swift in Sources */ = {isa = PBXBuildFile; fileRef = A3A11565225F9C910082BC39 /* ARSceneManager.swift */; };
		A3E3638E225E042C00CA98F6 /* AppDelegate.swift in Sources */ = {isa = PBXBuildFile; fileRef = A3E3638D225E042C00CA98F6 /* AppDelegate.swift */; };
		A3E36390225E042C00CA98F6 /* art.scnassets in Resources */ = {isa = PBXBuildFile; fileRef = A3E3638F225E042C00CA98F6 /* art.scnassets */; };
		A3E36392225E042C00CA98F6 /* ViewController.swift in Sources */ = {isa = PBXBuildFile; fileRef = A3E36391225E042C00CA98F6 /* ViewController.swift */; };
		A3E36395225E042C00CA98F6 /* Main.storyboard in Resources */ = {isa = PBXBuildFile; fileRef = A3E36393225E042C00CA98F6 /* Main.storyboard */; };
		A3E36397225E042D00CA98F6 /* Assets.xcassets in Resources */ = {isa = PBXBuildFile; fileRef = A3E36396225E042D00CA98F6 /* Assets.xcassets */; };
		A3E3639A225E042D00CA98F6 /* LaunchScreen.storyboard in Resources */ = {isa = PBXBuildFile; fileRef = A3E36398225E042D00CA98F6 /* LaunchScreen.storyboard */; };
		A3E363A5225E042D00CA98F6 /* FinalProjectTests.swift in Sources */ = {isa = PBXBuildFile; fileRef = A3E363A4225E042D00CA98F6 /* FinalProjectTests.swift */; };
		A3E363B0225E042D00CA98F6 /* FinalProjectUITests.swift in Sources */ = {isa = PBXBuildFile; fileRef = A3E363AF225E042D00CA98F6 /* FinalProjectUITests.swift */; };
		A3E363BE225E18F600CA98F6 /* CustomButton.swift in Sources */ = {isa = PBXBuildFile; fileRef = A3E363BD225E18F600CA98F6 /* CustomButton.swift */; };
/* End PBXBuildFile section */

/* Begin PBXContainerItemProxy section */
		A3E363A1225E042D00CA98F6 /* PBXContainerItemProxy */ = {
			isa = PBXContainerItemProxy;
			containerPortal = A3E36382225E042C00CA98F6 /* Project object */;
			proxyType = 1;
			remoteGlobalIDString = A3E36389225E042C00CA98F6;
			remoteInfo = FinalProject;
		};
		A3E363AC225E042D00CA98F6 /* PBXContainerItemProxy */ = {
			isa = PBXContainerItemProxy;
			containerPortal = A3E36382225E042C00CA98F6 /* Project object */;
			proxyType = 1;
			remoteGlobalIDString = A3E36389225E042C00CA98F6;
			remoteInfo = FinalProject;
		};
/* End PBXContainerItemProxy section */

/* Begin PBXFileReference section */
		11B89BFA76DB213AA4BFC523 /* Pods-FinalProjectUITests.debug.xcconfig */ = {isa = PBXFileReference; includeInIndex = 1; lastKnownFileType = text.xcconfig; name = "Pods-FinalProjectUITests.debug.xcconfig"; path = "Target Support Files/Pods-FinalProjectUITests/Pods-FinalProjectUITests.debug.xcconfig"; sourceTree = "<group>"; };
		3ADB4E82C25E0224D69379BE /* Pods_FinalProject.framework */ = {isa = PBXFileReference; explicitFileType = wrapper.framework; includeInIndex = 0; path = Pods_FinalProject.framework; sourceTree = BUILT_PRODUCTS_DIR; };
		54C8E231F29130996F259000 /* Pods_FinalProjectUITests.framework */ = {isa = PBXFileReference; explicitFileType = wrapper.framework; includeInIndex = 0; path = Pods_FinalProjectUITests.framework; sourceTree = BUILT_PRODUCTS_DIR; };
		55C77548A2BA51ADA2C945A3 /* Pods-FinalProject.release.xcconfig */ = {isa = PBXFileReference; includeInIndex = 1; lastKnownFileType = text.xcconfig; name = "Pods-FinalProject.release.xcconfig"; path = "Target Support Files/Pods-FinalProject/Pods-FinalProject.release.xcconfig"; sourceTree = "<group>"; };
		A3A1155F225E8ED20082BC39 /* CustomExtensions.swift */ = {isa = PBXFileReference; lastKnownFileType = sourcecode.swift; path = CustomExtensions.swift; sourceTree = "<group>"; };
		A3A11561225F9C800082BC39 /* Plane.swift */ = {isa = PBXFileReference; fileEncoding = 4; lastKnownFileType = sourcecode.swift; path = Plane.swift; sourceTree = "<group>"; };
		A3A11563225F9C890082BC39 /* GridMaterial.swift */ = {isa = PBXFileReference; fileEncoding = 4; lastKnownFileType = sourcecode.swift; path = GridMaterial.swift; sourceTree = "<group>"; };
		A3A11565225F9C910082BC39 /* ARSceneManager.swift */ = {isa = PBXFileReference; fileEncoding = 4; lastKnownFileType = sourcecode.swift; path = ARSceneManager.swift; sourceTree = "<group>"; };
		A3A11567225FC0C50082BC39 /* Verdana.ttf */ = {isa = PBXFileReference; lastKnownFileType = file; path = Verdana.ttf; sourceTree = "<group>"; };
		A3E3638A225E042C00CA98F6 /* FinalProject.app */ = {isa = PBXFileReference; explicitFileType = wrapper.application; includeInIndex = 0; path = FinalProject.app; sourceTree = BUILT_PRODUCTS_DIR; };
		A3E3638D225E042C00CA98F6 /* AppDelegate.swift */ = {isa = PBXFileReference; lastKnownFileType = sourcecode.swift; path = AppDelegate.swift; sourceTree = "<group>"; };
		A3E3638F225E042C00CA98F6 /* art.scnassets */ = {isa = PBXFileReference; lastKnownFileType = wrapper.scnassets; path = art.scnassets; sourceTree = "<group>"; };
		A3E36391225E042C00CA98F6 /* ViewController.swift */ = {isa = PBXFileReference; lastKnownFileType = sourcecode.swift; path = ViewController.swift; sourceTree = "<group>"; };
		A3E36394225E042C00CA98F6 /* Base */ = {isa = PBXFileReference; lastKnownFileType = file.storyboard; name = Base; path = Base.lproj/Main.storyboard; sourceTree = "<group>"; };
		A3E36396225E042D00CA98F6 /* Assets.xcassets */ = {isa = PBXFileReference; lastKnownFileType = folder.assetcatalog; path = Assets.xcassets; sourceTree = "<group>"; };
		A3E36399225E042D00CA98F6 /* Base */ = {isa = PBXFileReference; lastKnownFileType = file.storyboard; name = Base; path = Base.lproj/LaunchScreen.storyboard; sourceTree = "<group>"; };
		A3E3639B225E042D00CA98F6 /* Info.plist */ = {isa = PBXFileReference; lastKnownFileType = text.plist.xml; path = Info.plist; sourceTree = "<group>"; };
		A3E363A0225E042D00CA98F6 /* FinalProjectTests.xctest */ = {isa = PBXFileReference; explicitFileType = wrapper.cfbundle; includeInIndex = 0; path = FinalProjectTests.xctest; sourceTree = BUILT_PRODUCTS_DIR; };
		A3E363A4225E042D00CA98F6 /* FinalProjectTests.swift */ = {isa = PBXFileReference; lastKnownFileType = sourcecode.swift; path = FinalProjectTests.swift; sourceTree = "<group>"; };
		A3E363A6225E042D00CA98F6 /* Info.plist */ = {isa = PBXFileReference; lastKnownFileType = text.plist.xml; path = Info.plist; sourceTree = "<group>"; };
		A3E363AB225E042D00CA98F6 /* FinalProjectUITests.xctest */ = {isa = PBXFileReference; explicitFileType = wrapper.cfbundle; includeInIndex = 0; path = FinalProjectUITests.xctest; sourceTree = BUILT_PRODUCTS_DIR; };
		A3E363AF225E042D00CA98F6 /* FinalProjectUITests.swift */ = {isa = PBXFileReference; lastKnownFileType = sourcecode.swift; path = FinalProjectUITests.swift; sourceTree = "<group>"; };
		A3E363B1225E042D00CA98F6 /* Info.plist */ = {isa = PBXFileReference; lastKnownFileType = text.plist.xml; path = Info.plist; sourceTree = "<group>"; };
		A3E363BD225E18F600CA98F6 /* CustomButton.swift */ = {isa = PBXFileReference; lastKnownFileType = sourcecode.swift; path = CustomButton.swift; sourceTree = "<group>"; };
		A7F35B0245A7A28D3874D446 /* Pods-FinalProject.debug.xcconfig */ = {isa = PBXFileReference; includeInIndex = 1; lastKnownFileType = text.xcconfig; name = "Pods-FinalProject.debug.xcconfig"; path = "Target Support Files/Pods-FinalProject/Pods-FinalProject.debug.xcconfig"; sourceTree = "<group>"; };
		B31839DFB5FAEAB2304E4E92 /* Pods-FinalProjectTests.release.xcconfig */ = {isa = PBXFileReference; includeInIndex = 1; lastKnownFileType = text.xcconfig; name = "Pods-FinalProjectTests.release.xcconfig"; path = "Target Support Files/Pods-FinalProjectTests/Pods-FinalProjectTests.release.xcconfig"; sourceTree = "<group>"; };
		D9EA9FA82D97F61291A30E28 /* Pods-FinalProjectTests.debug.xcconfig */ = {isa = PBXFileReference; includeInIndex = 1; lastKnownFileType = text.xcconfig; name = "Pods-FinalProjectTests.debug.xcconfig"; path = "Target Support Files/Pods-FinalProjectTests/Pods-FinalProjectTests.debug.xcconfig"; sourceTree = "<group>"; };
		E1996E40FE02990F369D3CDB /* Pods-FinalProjectUITests.release.xcconfig */ = {isa = PBXFileReference; includeInIndex = 1; lastKnownFileType = text.xcconfig; name = "Pods-FinalProjectUITests.release.xcconfig"; path = "Target Support Files/Pods-FinalProjectUITests/Pods-FinalProjectUITests.release.xcconfig"; sourceTree = "<group>"; };
		F9F5349514CE7C49AFCEEACF /* Pods_FinalProjectTests.framework */ = {isa = PBXFileReference; explicitFileType = wrapper.framework; includeInIndex = 0; path = Pods_FinalProjectTests.framework; sourceTree = BUILT_PRODUCTS_DIR; };
/* End PBXFileReference section */

/* Begin PBXFrameworksBuildPhase section */
		A3E36387225E042C00CA98F6 /* Frameworks */ = {
			isa = PBXFrameworksBuildPhase;
			buildActionMask = 2147483647;
			files = (
				5FEA9A9B1BC90BD4336C61E1 /* Pods_FinalProject.framework in Frameworks */,
			);
			runOnlyForDeploymentPostprocessing = 0;
		};
		A3E3639D225E042D00CA98F6 /* Frameworks */ = {
			isa = PBXFrameworksBuildPhase;
			buildActionMask = 2147483647;
			files = (
				4A5638E980BA4EE4FED8CAA7 /* Pods_FinalProjectTests.framework in Frameworks */,
			);
			runOnlyForDeploymentPostprocessing = 0;
		};
		A3E363A8225E042D00CA98F6 /* Frameworks */ = {
			isa = PBXFrameworksBuildPhase;
			buildActionMask = 2147483647;
			files = (
				5A57AD6D7C01CF9CB08A3E24 /* Pods_FinalProjectUITests.framework in Frameworks */,
			);
			runOnlyForDeploymentPostprocessing = 0;
		};
/* End PBXFrameworksBuildPhase section */

/* Begin PBXGroup section */
		860E626E2198643AEF04D6A9 /* Pods */ = {
			isa = PBXGroup;
			children = (
				A7F35B0245A7A28D3874D446 /* Pods-FinalProject.debug.xcconfig */,
				55C77548A2BA51ADA2C945A3 /* Pods-FinalProject.release.xcconfig */,
				D9EA9FA82D97F61291A30E28 /* Pods-FinalProjectTests.debug.xcconfig */,
				B31839DFB5FAEAB2304E4E92 /* Pods-FinalProjectTests.release.xcconfig */,
				11B89BFA76DB213AA4BFC523 /* Pods-FinalProjectUITests.debug.xcconfig */,
				E1996E40FE02990F369D3CDB /* Pods-FinalProjectUITests.release.xcconfig */,
			);
			path = Pods;
			sourceTree = "<group>";
		};
		A3E36381225E042C00CA98F6 = {
			isa = PBXGroup;
			children = (
				A3E3638C225E042C00CA98F6 /* FinalProject */,
				A3E363A3225E042D00CA98F6 /* FinalProjectTests */,
				A3E363AE225E042D00CA98F6 /* FinalProjectUITests */,
				A3E3638B225E042C00CA98F6 /* Products */,
				860E626E2198643AEF04D6A9 /* Pods */,
				B60B87A5DCD8211F858BCC18 /* Frameworks */,
			);
			sourceTree = "<group>";
		};
		A3E3638B225E042C00CA98F6 /* Products */ = {
			isa = PBXGroup;
			children = (
				A3E3638A225E042C00CA98F6 /* FinalProject.app */,
				A3E363A0225E042D00CA98F6 /* FinalProjectTests.xctest */,
				A3E363AB225E042D00CA98F6 /* FinalProjectUITests.xctest */,
			);
			name = Products;
			sourceTree = "<group>";
		};
		A3E3638C225E042C00CA98F6 /* FinalProject */ = {
			isa = PBXGroup;
			children = (
				A3A11567225FC0C50082BC39 /* Verdana.ttf */,
				A3A11565225F9C910082BC39 /* ARSceneManager.swift */,
				A3A11563225F9C890082BC39 /* GridMaterial.swift */,
				A3A11561225F9C800082BC39 /* Plane.swift */,
				A3E3638D225E042C00CA98F6 /* AppDelegate.swift */,
				A3E3638F225E042C00CA98F6 /* art.scnassets */,
				A3E36391225E042C00CA98F6 /* ViewController.swift */,
				A3E36393225E042C00CA98F6 /* Main.storyboard */,
				A3E36396225E042D00CA98F6 /* Assets.xcassets */,
				A3E36398225E042D00CA98F6 /* LaunchScreen.storyboard */,
				A3E3639B225E042D00CA98F6 /* Info.plist */,
				A3E363BD225E18F600CA98F6 /* CustomButton.swift */,
				A3A1155F225E8ED20082BC39 /* CustomExtensions.swift */,
			);
			path = FinalProject;
			sourceTree = "<group>";
		};
		A3E363A3225E042D00CA98F6 /* FinalProjectTests */ = {
			isa = PBXGroup;
			children = (
				A3E363A4225E042D00CA98F6 /* FinalProjectTests.swift */,
				A3E363A6225E042D00CA98F6 /* Info.plist */,
			);
			path = FinalProjectTests;
			sourceTree = "<group>";
		};
		A3E363AE225E042D00CA98F6 /* FinalProjectUITests */ = {
			isa = PBXGroup;
			children = (
				A3E363AF225E042D00CA98F6 /* FinalProjectUITests.swift */,
				A3E363B1225E042D00CA98F6 /* Info.plist */,
			);
			path = FinalProjectUITests;
			sourceTree = "<group>";
		};
		B60B87A5DCD8211F858BCC18 /* Frameworks */ = {
			isa = PBXGroup;
			children = (
				3ADB4E82C25E0224D69379BE /* Pods_FinalProject.framework */,
				F9F5349514CE7C49AFCEEACF /* Pods_FinalProjectTests.framework */,
				54C8E231F29130996F259000 /* Pods_FinalProjectUITests.framework */,
			);
			name = Frameworks;
			sourceTree = "<group>";
		};
/* End PBXGroup section */

/* Begin PBXNativeTarget section */
		A3E36389225E042C00CA98F6 /* FinalProject */ = {
			isa = PBXNativeTarget;
			buildConfigurationList = A3E363B4225E042D00CA98F6 /* Build configuration list for PBXNativeTarget "FinalProject" */;
			buildPhases = (
				A0E20A2D07D516D71261BB5F /* [CP] Check Pods Manifest.lock */,
				A3E36386225E042C00CA98F6 /* Sources */,
				A3E36387225E042C00CA98F6 /* Frameworks */,
				A3E36388225E042C00CA98F6 /* Resources */,
				AC977D6F6E011D276C80B42A /* [CP] Embed Pods Frameworks */,
			);
			buildRules = (
			);
			dependencies = (
			);
			name = FinalProject;
			productName = FinalProject;
			productReference = A3E3638A225E042C00CA98F6 /* FinalProject.app */;
			productType = "com.apple.product-type.application";
		};
		A3E3639F225E042D00CA98F6 /* FinalProjectTests */ = {
			isa = PBXNativeTarget;
			buildConfigurationList = A3E363B7225E042D00CA98F6 /* Build configuration list for PBXNativeTarget "FinalProjectTests" */;
			buildPhases = (
				6CC46FBD55A2D9DF02FAB3A5 /* [CP] Check Pods Manifest.lock */,
				A3E3639C225E042D00CA98F6 /* Sources */,
				A3E3639D225E042D00CA98F6 /* Frameworks */,
				A3E3639E225E042D00CA98F6 /* Resources */,
			);
			buildRules = (
			);
			dependencies = (
				A3E363A2225E042D00CA98F6 /* PBXTargetDependency */,
			);
			name = FinalProjectTests;
			productName = FinalProjectTests;
			productReference = A3E363A0225E042D00CA98F6 /* FinalProjectTests.xctest */;
			productType = "com.apple.product-type.bundle.unit-test";
		};
		A3E363AA225E042D00CA98F6 /* FinalProjectUITests */ = {
			isa = PBXNativeTarget;
			buildConfigurationList = A3E363BA225E042D00CA98F6 /* Build configuration list for PBXNativeTarget "FinalProjectUITests" */;
			buildPhases = (
				468CB64EB92DA25BC63C6E9B /* [CP] Check Pods Manifest.lock */,
				A3E363A7225E042D00CA98F6 /* Sources */,
				A3E363A8225E042D00CA98F6 /* Frameworks */,
				A3E363A9225E042D00CA98F6 /* Resources */,
			);
			buildRules = (
			);
			dependencies = (
				A3E363AD225E042D00CA98F6 /* PBXTargetDependency */,
			);
			name = FinalProjectUITests;
			productName = FinalProjectUITests;
			productReference = A3E363AB225E042D00CA98F6 /* FinalProjectUITests.xctest */;
			productType = "com.apple.product-type.bundle.ui-testing";
		};
/* End PBXNativeTarget section */

/* Begin PBXProject section */
		A3E36382225E042C00CA98F6 /* Project object */ = {
			isa = PBXProject;
			attributes = {
				LastSwiftUpdateCheck = 1010;
				LastUpgradeCheck = 1010;
				ORGANIZATIONNAME = Saule;
				TargetAttributes = {
					A3E36389225E042C00CA98F6 = {
						CreatedOnToolsVersion = 10.1;
					};
					A3E3639F225E042D00CA98F6 = {
						CreatedOnToolsVersion = 10.1;
						TestTargetID = A3E36389225E042C00CA98F6;
					};
					A3E363AA225E042D00CA98F6 = {
						CreatedOnToolsVersion = 10.1;
						TestTargetID = A3E36389225E042C00CA98F6;
					};
				};
			};
			buildConfigurationList = A3E36385225E042C00CA98F6 /* Build configuration list for PBXProject "FinalProject" */;
			compatibilityVersion = "Xcode 9.3";
			developmentRegion = en;
			hasScannedForEncodings = 0;
			knownRegions = (
				en,
				Base,
			);
			mainGroup = A3E36381225E042C00CA98F6;
			productRefGroup = A3E3638B225E042C00CA98F6 /* Products */;
			projectDirPath = "";
			projectRoot = "";
			targets = (
				A3E36389225E042C00CA98F6 /* FinalProject */,
				A3E3639F225E042D00CA98F6 /* FinalProjectTests */,
				A3E363AA225E042D00CA98F6 /* FinalProjectUITests */,
			);
		};
/* End PBXProject section */

/* Begin PBXResourcesBuildPhase section */
		A3E36388225E042C00CA98F6 /* Resources */ = {
			isa = PBXResourcesBuildPhase;
			buildActionMask = 2147483647;
			files = (
				A3E36390225E042C00CA98F6 /* art.scnassets in Resources */,
				A3E3639A225E042D00CA98F6 /* LaunchScreen.storyboard in Resources */,
				A3E36397225E042D00CA98F6 /* Assets.xcassets in Resources */,
				A3E36395225E042C00CA98F6 /* Main.storyboard in Resources */,
			);
			runOnlyForDeploymentPostprocessing = 0;
		};
		A3E3639E225E042D00CA98F6 /* Resources */ = {
			isa = PBXResourcesBuildPhase;
			buildActionMask = 2147483647;
			files = (
			);
			runOnlyForDeploymentPostprocessing = 0;
		};
		A3E363A9225E042D00CA98F6 /* Resources */ = {
			isa = PBXResourcesBuildPhase;
			buildActionMask = 2147483647;
			files = (
			);
			runOnlyForDeploymentPostprocessing = 0;
		};
/* End PBXResourcesBuildPhase section */

/* Begin PBXShellScriptBuildPhase section */
		468CB64EB92DA25BC63C6E9B /* [CP] Check Pods Manifest.lock */ = {
			isa = PBXShellScriptBuildPhase;
			buildActionMask = 2147483647;
			files = (
			);
			inputFileListPaths = (
			);
			inputPaths = (
				"${PODS_PODFILE_DIR_PATH}/Podfile.lock",
				"${PODS_ROOT}/Manifest.lock",
			);
			name = "[CP] Check Pods Manifest.lock";
			outputFileListPaths = (
			);
			outputPaths = (
				"$(DERIVED_FILE_DIR)/Pods-FinalProjectUITests-checkManifestLockResult.txt",
			);
			runOnlyForDeploymentPostprocessing = 0;
			shellPath = /bin/sh;
			shellScript = "diff \"${PODS_PODFILE_DIR_PATH}/Podfile.lock\" \"${PODS_ROOT}/Manifest.lock\" > /dev/null\nif [ $? != 0 ] ; then\n    # print error to STDERR\n    echo \"error: The sandbox is not in sync with the Podfile.lock. Run 'pod install' or update your CocoaPods installation.\" >&2\n    exit 1\nfi\n# This output is used by Xcode 'outputs' to avoid re-running this script phase.\necho \"SUCCESS\" > \"${SCRIPT_OUTPUT_FILE_0}\"\n";
			showEnvVarsInLog = 0;
		};
		6CC46FBD55A2D9DF02FAB3A5 /* [CP] Check Pods Manifest.lock */ = {
			isa = PBXShellScriptBuildPhase;
			buildActionMask = 2147483647;
			files = (
			);
			inputFileListPaths = (
			);
			inputPaths = (
				"${PODS_PODFILE_DIR_PATH}/Podfile.lock",
				"${PODS_ROOT}/Manifest.lock",
			);
			name = "[CP] Check Pods Manifest.lock";
			outputFileListPaths = (
			);
			outputPaths = (
				"$(DERIVED_FILE_DIR)/Pods-FinalProjectTests-checkManifestLockResult.txt",
			);
			runOnlyForDeploymentPostprocessing = 0;
			shellPath = /bin/sh;
			shellScript = "diff \"${PODS_PODFILE_DIR_PATH}/Podfile.lock\" \"${PODS_ROOT}/Manifest.lock\" > /dev/null\nif [ $? != 0 ] ; then\n    # print error to STDERR\n    echo \"error: The sandbox is not in sync with the Podfile.lock. Run 'pod install' or update your CocoaPods installation.\" >&2\n    exit 1\nfi\n# This output is used by Xcode 'outputs' to avoid re-running this script phase.\necho \"SUCCESS\" > \"${SCRIPT_OUTPUT_FILE_0}\"\n";
			showEnvVarsInLog = 0;
		};
		A0E20A2D07D516D71261BB5F /* [CP] Check Pods Manifest.lock */ = {
			isa = PBXShellScriptBuildPhase;
			buildActionMask = 2147483647;
			files = (
			);
			inputFileListPaths = (
			);
			inputPaths = (
				"${PODS_PODFILE_DIR_PATH}/Podfile.lock",
				"${PODS_ROOT}/Manifest.lock",
			);
			name = "[CP] Check Pods Manifest.lock";
			outputFileListPaths = (
			);
			outputPaths = (
				"$(DERIVED_FILE_DIR)/Pods-FinalProject-checkManifestLockResult.txt",
			);
			runOnlyForDeploymentPostprocessing = 0;
			shellPath = /bin/sh;
			shellScript = "diff \"${PODS_PODFILE_DIR_PATH}/Podfile.lock\" \"${PODS_ROOT}/Manifest.lock\" > /dev/null\nif [ $? != 0 ] ; then\n    # print error to STDERR\n    echo \"error: The sandbox is not in sync with the Podfile.lock. Run 'pod install' or update your CocoaPods installation.\" >&2\n    exit 1\nfi\n# This output is used by Xcode 'outputs' to avoid re-running this script phase.\necho \"SUCCESS\" > \"${SCRIPT_OUTPUT_FILE_0}\"\n";
			showEnvVarsInLog = 0;
		};
		AC977D6F6E011D276C80B42A /* [CP] Embed Pods Frameworks */ = {
			isa = PBXShellScriptBuildPhase;
			buildActionMask = 2147483647;
			files = (
			);
			inputFileListPaths = (
			);
			inputPaths = (
				"${PODS_ROOT}/Target Support Files/Pods-FinalProject/Pods-FinalProject-frameworks.sh",
				"${BUILT_PRODUCTS_DIR}/ColorSlider/ColorSlider.framework",
			);
			name = "[CP] Embed Pods Frameworks";
			outputFileListPaths = (
			);
			outputPaths = (
				"${TARGET_BUILD_DIR}/${FRAMEWORKS_FOLDER_PATH}/ColorSlider.framework",
			);
			runOnlyForDeploymentPostprocessing = 0;
			shellPath = /bin/sh;
			shellScript = "\"${PODS_ROOT}/Target Support Files/Pods-FinalProject/Pods-FinalProject-frameworks.sh\"\n";
			showEnvVarsInLog = 0;
		};
/* End PBXShellScriptBuildPhase section */

/* Begin PBXSourcesBuildPhase section */
		A3E36386225E042C00CA98F6 /* Sources */ = {
			isa = PBXSourcesBuildPhase;
			buildActionMask = 2147483647;
			files = (
				A3A11560225E8ED20082BC39 /* CustomExtensions.swift in Sources */,
				A3E36392225E042C00CA98F6 /* ViewController.swift in Sources */,
				A3A11562225F9C800082BC39 /* Plane.swift in Sources */,
				A3E3638E225E042C00CA98F6 /* AppDelegate.swift in Sources */,
				A3A11566225F9C910082BC39 /* ARSceneManager.swift in Sources */,
				A3A11564225F9C890082BC39 /* GridMaterial.swift in Sources */,
				A3E363BE225E18F600CA98F6 /* CustomButton.swift in Sources */,
			);
			runOnlyForDeploymentPostprocessing = 0;
		};
		A3E3639C225E042D00CA98F6 /* Sources */ = {
			isa = PBXSourcesBuildPhase;
			buildActionMask = 2147483647;
			files = (
				A3E363A5225E042D00CA98F6 /* FinalProjectTests.swift in Sources */,
			);
			runOnlyForDeploymentPostprocessing = 0;
		};
		A3E363A7225E042D00CA98F6 /* Sources */ = {
			isa = PBXSourcesBuildPhase;
			buildActionMask = 2147483647;
			files = (
				A3E363B0225E042D00CA98F6 /* FinalProjectUITests.swift in Sources */,
			);
			runOnlyForDeploymentPostprocessing = 0;
		};
/* End PBXSourcesBuildPhase section */

/* Begin PBXTargetDependency section */
		A3E363A2225E042D00CA98F6 /* PBXTargetDependency */ = {
			isa = PBXTargetDependency;
			target = A3E36389225E042C00CA98F6 /* FinalProject */;
			targetProxy = A3E363A1225E042D00CA98F6 /* PBXContainerItemProxy */;
		};
		A3E363AD225E042D00CA98F6 /* PBXTargetDependency */ = {
			isa = PBXTargetDependency;
			target = A3E36389225E042C00CA98F6 /* FinalProject */;
			targetProxy = A3E363AC225E042D00CA98F6 /* PBXContainerItemProxy */;
		};
/* End PBXTargetDependency section */

/* Begin PBXVariantGroup section */
		A3E36393225E042C00CA98F6 /* Main.storyboard */ = {
			isa = PBXVariantGroup;
			children = (
				A3E36394225E042C00CA98F6 /* Base */,
			);
			name = Main.storyboard;
			sourceTree = "<group>";
		};
		A3E36398225E042D00CA98F6 /* LaunchScreen.storyboard */ = {
			isa = PBXVariantGroup;
			children = (
				A3E36399225E042D00CA98F6 /* Base */,
			);
			name = LaunchScreen.storyboard;
			sourceTree = "<group>";
		};
/* End PBXVariantGroup section */

/* Begin XCBuildConfiguration section */
		A3E363B2225E042D00CA98F6 /* Debug */ = {
			isa = XCBuildConfiguration;
			buildSettings = {
				ALWAYS_SEARCH_USER_PATHS = NO;
				CLANG_ANALYZER_NONNULL = YES;
				CLANG_ANALYZER_NUMBER_OBJECT_CONVERSION = YES_AGGRESSIVE;
				CLANG_CXX_LANGUAGE_STANDARD = "gnu++14";
				CLANG_CXX_LIBRARY = "libc++";
				CLANG_ENABLE_MODULES = YES;
				CLANG_ENABLE_OBJC_ARC = YES;
				CLANG_ENABLE_OBJC_WEAK = YES;
				CLANG_WARN_BLOCK_CAPTURE_AUTORELEASING = YES;
				CLANG_WARN_BOOL_CONVERSION = YES;
				CLANG_WARN_COMMA = YES;
				CLANG_WARN_CONSTANT_CONVERSION = YES;
				CLANG_WARN_DEPRECATED_OBJC_IMPLEMENTATIONS = YES;
				CLANG_WARN_DIRECT_OBJC_ISA_USAGE = YES_ERROR;
				CLANG_WARN_DOCUMENTATION_COMMENTS = YES;
				CLANG_WARN_EMPTY_BODY = YES;
				CLANG_WARN_ENUM_CONVERSION = YES;
				CLANG_WARN_INFINITE_RECURSION = YES;
				CLANG_WARN_INT_CONVERSION = YES;
				CLANG_WARN_NON_LITERAL_NULL_CONVERSION = YES;
				CLANG_WARN_OBJC_IMPLICIT_RETAIN_SELF = YES;
				CLANG_WARN_OBJC_LITERAL_CONVERSION = YES;
				CLANG_WARN_OBJC_ROOT_CLASS = YES_ERROR;
				CLANG_WARN_RANGE_LOOP_ANALYSIS = YES;
				CLANG_WARN_STRICT_PROTOTYPES = YES;
				CLANG_WARN_SUSPICIOUS_MOVE = YES;
				CLANG_WARN_UNGUARDED_AVAILABILITY = YES_AGGRESSIVE;
				CLANG_WARN_UNREACHABLE_CODE = YES;
				CLANG_WARN__DUPLICATE_METHOD_MATCH = YES;
				CODE_SIGN_IDENTITY = "iPhone Developer";
				COPY_PHASE_STRIP = NO;
				DEBUG_INFORMATION_FORMAT = dwarf;
				ENABLE_STRICT_OBJC_MSGSEND = YES;
				ENABLE_TESTABILITY = YES;
				GCC_C_LANGUAGE_STANDARD = gnu11;
				GCC_DYNAMIC_NO_PIC = NO;
				GCC_NO_COMMON_BLOCKS = YES;
				GCC_OPTIMIZATION_LEVEL = 0;
				GCC_PREPROCESSOR_DEFINITIONS = (
					"DEBUG=1",
					"$(inherited)",
				);
				GCC_WARN_64_TO_32_BIT_CONVERSION = YES;
				GCC_WARN_ABOUT_RETURN_TYPE = YES_ERROR;
				GCC_WARN_UNDECLARED_SELECTOR = YES;
				GCC_WARN_UNINITIALIZED_AUTOS = YES_AGGRESSIVE;
				GCC_WARN_UNUSED_FUNCTION = YES;
				GCC_WARN_UNUSED_VARIABLE = YES;
				IPHONEOS_DEPLOYMENT_TARGET = 12.1;
				MTL_ENABLE_DEBUG_INFO = INCLUDE_SOURCE;
				MTL_FAST_MATH = YES;
				ONLY_ACTIVE_ARCH = YES;
				SDKROOT = iphoneos;
				SWIFT_ACTIVE_COMPILATION_CONDITIONS = DEBUG;
				SWIFT_OPTIMIZATION_LEVEL = "-Onone";
			};
			name = Debug;
		};
		A3E363B3225E042D00CA98F6 /* Release */ = {
			isa = XCBuildConfiguration;
			buildSettings = {
				ALWAYS_SEARCH_USER_PATHS = NO;
				CLANG_ANALYZER_NONNULL = YES;
				CLANG_ANALYZER_NUMBER_OBJECT_CONVERSION = YES_AGGRESSIVE;
				CLANG_CXX_LANGUAGE_STANDARD = "gnu++14";
				CLANG_CXX_LIBRARY = "libc++";
				CLANG_ENABLE_MODULES = YES;
				CLANG_ENABLE_OBJC_ARC = YES;
				CLANG_ENABLE_OBJC_WEAK = YES;
				CLANG_WARN_BLOCK_CAPTURE_AUTORELEASING = YES;
				CLANG_WARN_BOOL_CONVERSION = YES;
				CLANG_WARN_COMMA = YES;
				CLANG_WARN_CONSTANT_CONVERSION = YES;
				CLANG_WARN_DEPRECATED_OBJC_IMPLEMENTATIONS = YES;
				CLANG_WARN_DIRECT_OBJC_ISA_USAGE = YES_ERROR;
				CLANG_WARN_DOCUMENTATION_COMMENTS = YES;
				CLANG_WARN_EMPTY_BODY = YES;
				CLANG_WARN_ENUM_CONVERSION = YES;
				CLANG_WARN_INFINITE_RECURSION = YES;
				CLANG_WARN_INT_CONVERSION = YES;
				CLANG_WARN_NON_LITERAL_NULL_CONVERSION = YES;
				CLANG_WARN_OBJC_IMPLICIT_RETAIN_SELF = YES;
				CLANG_WARN_OBJC_LITERAL_CONVERSION = YES;
				CLANG_WARN_OBJC_ROOT_CLASS = YES_ERROR;
				CLANG_WARN_RANGE_LOOP_ANALYSIS = YES;
				CLANG_WARN_STRICT_PROTOTYPES = YES;
				CLANG_WARN_SUSPICIOUS_MOVE = YES;
				CLANG_WARN_UNGUARDED_AVAILABILITY = YES_AGGRESSIVE;
				CLANG_WARN_UNREACHABLE_CODE = YES;
				CLANG_WARN__DUPLICATE_METHOD_MATCH = YES;
				CODE_SIGN_IDENTITY = "iPhone Developer";
				COPY_PHASE_STRIP = NO;
				DEBUG_INFORMATION_FORMAT = "dwarf-with-dsym";
				ENABLE_NS_ASSERTIONS = NO;
				ENABLE_STRICT_OBJC_MSGSEND = YES;
				GCC_C_LANGUAGE_STANDARD = gnu11;
				GCC_NO_COMMON_BLOCKS = YES;
				GCC_WARN_64_TO_32_BIT_CONVERSION = YES;
				GCC_WARN_ABOUT_RETURN_TYPE = YES_ERROR;
				GCC_WARN_UNDECLARED_SELECTOR = YES;
				GCC_WARN_UNINITIALIZED_AUTOS = YES_AGGRESSIVE;
				GCC_WARN_UNUSED_FUNCTION = YES;
				GCC_WARN_UNUSED_VARIABLE = YES;
				IPHONEOS_DEPLOYMENT_TARGET = 12.1;
				MTL_ENABLE_DEBUG_INFO = NO;
				MTL_FAST_MATH = YES;
				SDKROOT = iphoneos;
				SWIFT_COMPILATION_MODE = wholemodule;
				SWIFT_OPTIMIZATION_LEVEL = "-O";
				VALIDATE_PRODUCT = YES;
			};
			name = Release;
		};
		A3E363B5225E042D00CA98F6 /* Debug */ = {
			isa = XCBuildConfiguration;
			baseConfigurationReference = A7F35B0245A7A28D3874D446 /* Pods-FinalProject.debug.xcconfig */;
			buildSettings = {
				ASSETCATALOG_COMPILER_APPICON_NAME = AppIcon;
				CODE_SIGN_STYLE = Automatic;
				DEVELOPMENT_TEAM = ANJ4ZHX8WX;
				INFOPLIST_FILE = FinalProject/Info.plist;
				IPHONEOS_DEPLOYMENT_TARGET = 12.1;
				LD_RUNPATH_SEARCH_PATHS = (
					"$(inherited)",
					"@executable_path/Frameworks",
				);
				PRODUCT_BUNDLE_IDENTIFIER = page.FinalProject;
				PRODUCT_NAME = "$(TARGET_NAME)";
				SWIFT_VERSION = 4.2;
				TARGETED_DEVICE_FAMILY = 1;
			};
			name = Debug;
		};
		A3E363B6225E042D00CA98F6 /* Release */ = {
			isa = XCBuildConfiguration;
			baseConfigurationReference = 55C77548A2BA51ADA2C945A3 /* Pods-FinalProject.release.xcconfig */;
			buildSettings = {
				ASSETCATALOG_COMPILER_APPICON_NAME = AppIcon;
				CODE_SIGN_STYLE = Automatic;
				DEVELOPMENT_TEAM = ANJ4ZHX8WX;
				INFOPLIST_FILE = FinalProject/Info.plist;
				IPHONEOS_DEPLOYMENT_TARGET = 12.1;
				LD_RUNPATH_SEARCH_PATHS = (
					"$(inherited)",
					"@executable_path/Frameworks",
				);
				PRODUCT_BUNDLE_IDENTIFIER = page.FinalProject;
				PRODUCT_NAME = "$(TARGET_NAME)";
				SWIFT_VERSION = 4.2;
				TARGETED_DEVICE_FAMILY = 1;
			};
			name = Release;
		};
		A3E363B8225E042D00CA98F6 /* Debug */ = {
			isa = XCBuildConfiguration;
			baseConfigurationReference = D9EA9FA82D97F61291A30E28 /* Pods-FinalProjectTests.debug.xcconfig */;
			buildSettings = {
				ALWAYS_EMBED_SWIFT_STANDARD_LIBRARIES = YES;
				BUNDLE_LOADER = "$(TEST_HOST)";
				CODE_SIGN_STYLE = Automatic;
				DEVELOPMENT_TEAM = ANJ4ZHX8WX;
				INFOPLIST_FILE = FinalProjectTests/Info.plist;
				LD_RUNPATH_SEARCH_PATHS = (
					"$(inherited)",
					"@executable_path/Frameworks",
					"@loader_path/Frameworks",
				);
				PRODUCT_BUNDLE_IDENTIFIER = page.FinalProjectTests;
				PRODUCT_NAME = "$(TARGET_NAME)";
				SWIFT_VERSION = 4.2;
				TARGETED_DEVICE_FAMILY = "1,2";
				TEST_HOST = "$(BUILT_PRODUCTS_DIR)/FinalProject.app/FinalProject";
			};
			name = Debug;
		};
		A3E363B9225E042D00CA98F6 /* Release */ = {
			isa = XCBuildConfiguration;
			baseConfigurationReference = B31839DFB5FAEAB2304E4E92 /* Pods-FinalProjectTests.release.xcconfig */;
			buildSettings = {
				ALWAYS_EMBED_SWIFT_STANDARD_LIBRARIES = YES;
				BUNDLE_LOADER = "$(TEST_HOST)";
				CODE_SIGN_STYLE = Automatic;
				DEVELOPMENT_TEAM = ANJ4ZHX8WX;
				INFOPLIST_FILE = FinalProjectTests/Info.plist;
				LD_RUNPATH_SEARCH_PATHS = (
					"$(inherited)",
					"@executable_path/Frameworks",
					"@loader_path/Frameworks",
				);
				PRODUCT_BUNDLE_IDENTIFIER = page.FinalProjectTests;
				PRODUCT_NAME = "$(TARGET_NAME)";
				SWIFT_VERSION = 4.2;
				TARGETED_DEVICE_FAMILY = "1,2";
				TEST_HOST = "$(BUILT_PRODUCTS_DIR)/FinalProject.app/FinalProject";
			};
			name = Release;
		};
		A3E363BB225E042D00CA98F6 /* Debug */ = {
			isa = XCBuildConfiguration;
			baseConfigurationReference = 11B89BFA76DB213AA4BFC523 /* Pods-FinalProjectUITests.debug.xcconfig */;
			buildSettings = {
				ALWAYS_EMBED_SWIFT_STANDARD_LIBRARIES = YES;
				CODE_SIGN_STYLE = Automatic;
				DEVELOPMENT_TEAM = ANJ4ZHX8WX;
				INFOPLIST_FILE = FinalProjectUITests/Info.plist;
				LD_RUNPATH_SEARCH_PATHS = (
					"$(inherited)",
					"@executable_path/Frameworks",
					"@loader_path/Frameworks",
				);
				PRODUCT_BUNDLE_IDENTIFIER = page.FinalProjectUITests;
				PRODUCT_NAME = "$(TARGET_NAME)";
				SWIFT_VERSION = 4.2;
				TARGETED_DEVICE_FAMILY = "1,2";
				TEST_TARGET_NAME = FinalProject;
			};
			name = Debug;
		};
		A3E363BC225E042D00CA98F6 /* Release */ = {
			isa = XCBuildConfiguration;
			baseConfigurationReference = E1996E40FE02990F369D3CDB /* Pods-FinalProjectUITests.release.xcconfig */;
			buildSettings = {
				ALWAYS_EMBED_SWIFT_STANDARD_LIBRARIES = YES;
				CODE_SIGN_STYLE = Automatic;
				DEVELOPMENT_TEAM = ANJ4ZHX8WX;
				INFOPLIST_FILE = FinalProjectUITests/Info.plist;
				LD_RUNPATH_SEARCH_PATHS = (
					"$(inherited)",
					"@executable_path/Frameworks",
					"@loader_path/Frameworks",
				);
				PRODUCT_BUNDLE_IDENTIFIER = page.FinalProjectUITests;
				PRODUCT_NAME = "$(TARGET_NAME)";
				SWIFT_VERSION = 4.2;
				TARGETED_DEVICE_FAMILY = "1,2";
				TEST_TARGET_NAME = FinalProject;
			};
			name = Release;
		};
/* End XCBuildConfiguration section */

/* Begin XCConfigurationList section */
		A3E36385225E042C00CA98F6 /* Build configuration list for PBXProject "FinalProject" */ = {
			isa = XCConfigurationList;
			buildConfigurations = (
				A3E363B2225E042D00CA98F6 /* Debug */,
				A3E363B3225E042D00CA98F6 /* Release */,
			);
			defaultConfigurationIsVisible = 0;
			defaultConfigurationName = Release;
		};
		A3E363B4225E042D00CA98F6 /* Build configuration list for PBXNativeTarget "FinalProject" */ = {
			isa = XCConfigurationList;
			buildConfigurations = (
				A3E363B5225E042D00CA98F6 /* Debug */,
				A3E363B6225E042D00CA98F6 /* Release */,
			);
			defaultConfigurationIsVisible = 0;
			defaultConfigurationName = Release;
		};
		A3E363B7225E042D00CA98F6 /* Build configuration list for PBXNativeTarget "FinalProjectTests" */ = {
			isa = XCConfigurationList;
			buildConfigurations = (
				A3E363B8225E042D00CA98F6 /* Debug */,
				A3E363B9225E042D00CA98F6 /* Release */,
			);
			defaultConfigurationIsVisible = 0;
			defaultConfigurationName = Release;
		};
		A3E363BA225E042D00CA98F6 /* Build configuration list for PBXNativeTarget "FinalProjectUITests" */ = {
			isa = XCConfigurationList;
			buildConfigurations = (
				A3E363BB225E042D00CA98F6 /* Debug */,
				A3E363BC225E042D00CA98F6 /* Release */,
			);
			defaultConfigurationIsVisible = 0;
			defaultConfigurationName = Release;
		};
/* End XCConfigurationList section */
	};
	rootObject = A3E36382225E042C00CA98F6 /* Project object */;
}
